# This file was autogenerated by uv via the following command:
#    uv export --frozen --all-groups --no-emit-project --format requirements-txt --output-file requirements-dev.lock
alembic==1.16.5 \
    --hash=sha256:a88bb7f6e513bd4301ecf4c7f2206fe93f9913f9b48dac3b78babde2d6fe765e \
    --hash=sha256:e845dfe090c5ffa7b92593ae6687c5cb1a101e91fa53868497dbd79847f9dbe3
    # via rag-chatbot-backend
annotated-types==0.7.0 \
    --hash=sha256:1f02e8b43a8fbbc3f3e0d4f0f4bfc8131bcb4eebe8849b8e5c773f3a1c582a53 \
    --hash=sha256:aff07c09a53a08bc8cfccb9c85b05f1aa9a2a6f23728d790723543408344ce89
    # via pydantic
anyio==4.10.0 \
    --hash=sha256:3f3fae35c96039744587aa5b8371e7e8e603c0702999535961dd336026973ba6 \
    --hash=sha256:60e474ac86736bbfd6f210f7a61218939c318f43f9972497381f1c5e930ed3d1
    # via
    #   httpx
    #   rag-chatbot-backend
    #   starlette
    #   watchfiles
argon2-cffi==25.1.0 \
    --hash=sha256:694ae5cc8a42f4c4e2bf2ca0e64e51e23a040c6a517a85074683d3959e1346c1 \
    --hash=sha256:fdc8b074db390fccb6eb4a3604ae7231f219aa669a2652e0f20e16ba513d5741
    # via rag-chatbot-backend
argon2-cffi-bindings==25.1.0 \
    --hash=sha256:1db89609c06afa1a214a69a462ea741cf735b29a57530478c06eb81dd403de99 \
    --hash=sha256:1e021e87faa76ae0d413b619fe2b65ab9a037f24c60a1e6cc43457ae20de6dc6 \
    --hash=sha256:2630b6240b495dfab90aebe159ff784d08ea999aa4b0d17efa734055a07d2f44 \
    --hash=sha256:473bcb5f82924b1becbb637b63303ec8d10e84c8d241119419897a26116515d2 \
    --hash=sha256:7aef0c91e2c0fbca6fc68e7555aa60ef7008a739cbe045541e438373bc54d2b0 \
    --hash=sha256:a98cd7d17e9f7ce244c0803cad3c23a7d379c301ba618a5fa76a67d116618b98 \
    --hash=sha256:aecba1723ae35330a008418a91ea6cfcedf6d31e5fbaa056a166462ff066d500 \
    --hash=sha256:b0fdbcf513833809c882823f98dc2f931cf659d9a1429616ac3adebb49f5db94 \
    --hash=sha256:b957f3e6ea4d55d820e40ff76f450952807013d361a65d7f28acc0acbf29229d \
    --hash=sha256:c87b72589133f0346a1cb8d5ecca4b933e3c9b64656c9d175270a000e73b288d \
    --hash=sha256:d3e924cfc503018a714f94a49a149fdc0b644eaead5d1f089330399134fa028a
    # via argon2-cffi
arq==0.26.3 \
    --hash=sha256:362063ea3c726562fb69c723d5b8ee80827fdefda782a8547da5be3d380ac4b1 \
    --hash=sha256:9f4b78149a58c9dc4b88454861a254b7c4e7a159f2c973c89b548288b77e9005
    # via rag-chatbot-backend
async-timeout==5.0.1 ; python_full_version < '3.11.3' \
    --hash=sha256:39e3809566ff85354557ec2398b55e096c8364bacac9405a7a1fa429e77fe76c \
    --hash=sha256:d9321a7a3d5a6a5e187e824d2fa0793ce379a202935782d555d6e9d2735677d3
    # via redis
asyncpg==0.30.0 \
    --hash=sha256:1c198a00cce9506fcd0bf219a799f38ac7a237745e1d27f0e1f66d3707c84a5a \
    --hash=sha256:3326e6d7381799e9735ca2ec9fd7be4d5fef5dcbc3cb555d8a463d8460607956 \
    --hash=sha256:3356637f0bd830407b5597317b3cb3571387ae52ddc3bca6233682be88bbbc1f \
    --hash=sha256:51da377487e249e35bd0859661f6ee2b81db11ad1f4fc036194bc9cb2ead5056 \
    --hash=sha256:574156480df14f64c2d76450a3f3aaaf26105869cad3865041156b38459e935d \
    --hash=sha256:5e0511ad3dec5f6b4f7a9e063591d407eee66b88c14e2ea636f187da1dcfff6a \
    --hash=sha256:915aeb9f79316b43c3207363af12d0e6fd10776641a7de8a01212afd95bdf0ed \
    --hash=sha256:bc6d84136f9c4d24d358f3b02be4b6ba358abd09f80737d1ac7c444f36108454 \
    --hash=sha256:c551e9928ab6707602f44811817f82ba3c446e018bfe1d3abecc8ba5f3eac851
    # via rag-chatbot-backend
certifi==2026.6.17 \
    --hash=sha256:024c88eeec92ca068db80f02b8b07c9cef7b9fe261d1d535abfd5abd6f6af432 \
    --hash=sha256:2227dcbaafe0d2f59279d1762ddddc37783ed4354594f194ffc31d20f41fc3db
    # via
    #   httpcore
    #   httpx
cffi==2.1.0 \
    --hash=sha256:02cb7ff33ded4f1532476731f89ede53e2e488a8e6205515a82144246ffa7dcc \
    --hash=sha256:0a96b74cda968eebbad56d973efe5098974f0a9fb323865bf99ea1fd24e3e64c \
    --hash=sha256:30b65779d598c370374fefabf138d456fd6f3216bfa7bedfab1ba82025b0cd93 \
    --hash=sha256:35aaea0c7ee0e58a5cd8c2fd1a48fdf7ece0d2699b7ecdda08194e9ce5dd9b3d \
    --hash=sha256:4f26194e3d95e06501b942642855aed4f953d55e95d7d01b7c4483db3ecff458 \
    --hash=sha256:64c753a0f87a256020004f37a1c8c02c480e725f910f0b2a0f3f07debd1b2479 \
    --hash=sha256:7762faa47e8ff7eb80bd261d9a7d8eea2d8baa69de5e95b70c1f338bbe712f02 \
    --hash=sha256:88023dfe18799507b73f1dbb0d14326a17465de1bc9c9c7655c22845e9ddc3a2 \
    --hash=sha256:89095c1968b4ba8285840e131bf2891b09ae137fe2146905acae0354fbce1b5e \
    --hash=sha256:9d8272c0e483b024e1b9ad029821470ed8ec65631dbd90217469da0e7cd89f1c \
    --hash=sha256:a5781494d4d400a3f47f8f1da94b324f6e6b440a53387774002890a2a2f4b50f \
    --hash=sha256:aa7a1b53a2a4452ada2d1b5dade9960b2522f1e61293a811a077439e39029565 \
    --hash=sha256:efc1cdd798b1aaf39b4610bba7aad28c9bea9b910f25c784ccf9ec1fa719d1f9 \
    --hash=sha256:f5bce581e6b8c235e566a14768a943b172ada3ed73537bb0c0be1edee312d4e7
    # via argon2-cffi-bindings
click==8.4.2 \
    --hash=sha256:9a6cea6e60b17ebe0a44c5cc636d94f09bd66142c1cd7d8b4cd731c4917a15f6 \
    --hash=sha256:e6f9f66136c816745b9d65817da91d61d957fb16e02e4dcd0552553c5a197b76
    # via
    #   arq
    #   uvicorn
colorama==0.4.6 ; sys_platform == 'win32' \
    --hash=sha256:08695f5cb7ed6e0531a20572697297273c47b8cae5a63ffc6d6ed5c201be6e44 \
    --hash=sha256:4f1d9991f5acc0ca119f9d443620b77f9d6b33703e51011c16baf57afb285fc6
    # via
    #   click
    #   pytest
    #   uvicorn
dnspython==2.8.0 \
    --hash=sha256:01d9bbc4a2d76bf0db7c1f729812ded6d912bd318d3b1cf81d30c0f845dbf3af \
    --hash=sha256:181d3c6996452cb1189c4046c61599b84a5a86e099562ffde77d26984ff26d0f
    # via email-validator
email-validator==2.3.0 \
    --hash=sha256:80f13f623413e6b197ae73bb10bf4eb0908faf509ad8362c5edeb0be7fd450b4 \
    --hash=sha256:9fc05c37f2f6cf439ff414f8fc46d917929974a82244c20eb10231ba60c54426
    # via pydantic
fastapi==0.116.1 \
    --hash=sha256:c46ac7c312df840f0c9e220f7964bada936781bc4e2e6eb71f1c4d7553786565 \
    --hash=sha256:ed52cbf946abfd70c5a0dccb24673f0670deeb517a88b3544d03c2a6bf283143
    # via rag-chatbot-backend
greenlet==3.5.3 \
    --hash=sha256:0f41e4a05a3c0cb31b17023eff28dd111e1d16bf7d7d00406cd7df23f31398a7 \
    --hash=sha256:0f71be4920368fe1fabeeaa53d1e3548337e2b223d9565f8ad5e392a75ba23fc \
    --hash=sha256:4d77e67f65f98449e3fb83f795b5d0a8437aead2f874ca89c96576caf4be3af6 \
    --hash=sha256:5121af01cf911e70056c00d4b46d5e9b5d1415550038573d744138bacb59e6b8 \
    --hash=sha256:7ef56fe650f50575bf843acde967b9c567687f3c22340941a899b7bc56e956a8 \
    --hash=sha256:8540f1e6205bd13ca0ce685581037219ca54a1b41a0a15d228c6c9b8ad5903d7 \
    --hash=sha256:a61efc018fd3eb317eeca31aba90ee9e7f26f22884a79b6c6ec715bf71bb62f1 \
    --hash=sha256:aca9b4ce85b152b5524ef7d88170efdff80dc0032aa8b75f9aaf7f3479ea95b4 \
    --hash=sha256:d27c0c653a60d9535f690226474a5cc1036a8b0d7b57504d1c4f89c44a07a80c \
    --hash=sha256:e18619ba655ac05d78d80fc83cac4ba892bd6927b99e3b8237aee861aaacc8bb \
    --hash=sha256:ec6f1af59f6b5f3fc9678e2ea062d8377d22ac644f7844cb7a292910cf12ff44
    # via sqlalchemy
grpcio==1.82.1 \
    --hash=sha256:0d8299c285fe6cc6a1f56badf8d3bc5078c8d20273ee64bafa3783b4bc29a769 \
    --hash=sha256:0ddb18a9a9e1f46692b3567ae4abb3f8d117ce6afea48650f8eca06d8ab5d06f \
    --hash=sha256:1e822b2774f719c017cbe700b6e47173b6ae290fb84906f52a5a3c2c60b62e1e \
    --hash=sha256:5dafb1ece8ed45dee7c738f166ec82e19673221ed5ab8967f72858a4685345b2 \
    --hash=sha256:644ae1b94266ac785330f4590a69e52b6a7eb73029043a02209db81c81397d69 \
    --hash=sha256:707b24abd90fcb1e45bcc080577da1dbf9971d107490589b9539af8e1e77b4b5 \
    --hash=sha256:cf855b1af246720f567b0ce5d0724d45dfa4188eecc3296a2a69257b11b9e94b \
    --hash=sha256:ddb30cb13e25bc13cea70ffc69d6d90c49d36ea6c1d4549e6912f70177834cac \
    --hash=sha256:e06503106e7271e0a49fd5a1ac04747f1e47e87d900476db6fe45bc87ee411f4 \
    --hash=sha256:e203d2e19d471630084a16c815616f8211dff21c268ab3c5f5bf38417832e074 \
    --hash=sha256:ff99bc8cafb6a952201c37b995f425e641c93ffa6e072258525feab57290141d
    # via qdrant-client
h11==0.16.0 \
    --hash=sha256:4e35b956cf45792e4caa5885e69fba00bdbc6ffafbfa020300e549b208ee5ff1 \
    --hash=sha256:63cf8bbe7522de3bf65932fda1d9c2772064ffb3dae62d55932da54b31cb6c86
    # via
    #   httpcore
    #   uvicorn
h2==4.3.0 \
    --hash=sha256:6c59efe4323fa18b47a632221a1888bd7fde6249819beda254aeca909f221bf1 \
    --hash=sha256:c438f029a25f7945c69e0ccf0fb951dc3f73a5f6412981daee861431b70e2bdd
    # via httpx
hiredis==3.4.0 \
    --hash=sha256:282c4310af72afbe18b07d416459f4febeaeb805a067a7df790136e0e550fcb2 \
    --hash=sha256:43004b0b48abc628dda1ac3ac4871e1326c126f8cd9f11164d61934d827d7a3b \
    --hash=sha256:4404c557fd49bcfe24dff41f1209e4221c76d1607df2fb2dfd39474b5b086dcb \
    --hash=sha256:44660a91e0fbc803c29b337c1a9194c8d7b4cd3a3868d28f747cbec2df165483 \
    --hash=sha256:5359caad5b57da0bce11d2880f22617ba3710f0866121a924745447848448034 \
    --hash=sha256:7f7fc1535f6e1a190089eae46dee25f0c6b72bb221d377be07092803b8208733 \
    --hash=sha256:8aaaab18314fd25453b5cf59c8cdca4110e419455bcb4c0737d19d4151513e75 \
    --hash=sha256:a315009b441a0105a373a9a780ebb1c6f7d9ead88ac6ea5f2a15791353c6f590 \
    --hash=sha256:a3796094f616f72976ff51e4dc1a016e753c0f9af5393b2df96920b6bae1e19b \
    --hash=sha256:bb44efa4fa3e3ed7779ad0ade3c08ed5d75ca7a6336893e9a4f2722093b4168a \
    --hash=sha256:bca175f02a2b0150ffe7f5dc8bf49c798f34d2c7024d17ace0ec97a7583560e3 \
    --hash=sha256:ccc5c660e31d788ca534a20f2ccb7a80b946b960e18ed4e1db950fcac122b405 \
    --hash=sha256:da19331354433af6a2c54c21f2d70ba084933c0d7d2c43578ec5c5b446674ad5 \
    --hash=sha256:ed1dba2695f6de009c67d63b39ff978cb43b8a79362f697acedffb7743e50d21 \
    --hash=sha256:f3c67f39b112dc35f68d5b59ee111db6121f037d1a60cf3840ecffbb2ec5686b
    # via redis
hpack==4.2.0 \
    --hash=sha256:0895cfa3b5531fc65fe439c05eb65144f123bf7a394fcaa56aa423548d8e45c0 \
    --hash=sha256:858ac0b02280fa582b5080d68db0899c62a80375e0e5413a74970c5e518b6986
    # via h2
httpcore==1.0.9 \
    --hash=sha256:2d400746a40668fc9dec9810239072b40b4484b640a8c38fd654a024c7a1bf55 \
    --hash=sha256:6e34463af53fd2ab5d807f399a9b45ea31c3dfa2276f15a2c3f00afff6e176e8
    # via httpx
httptools==0.8.0 \
    --hash=sha256:20b4aac66ff65f7db06a375808b78f42a94970aa22e826b3cb2b43eb09174124 \
    --hash=sha256:52dd695b865fe96d9d2b16b64a895f3f57bf3cb064e8383cd3b5713a069e8085 \
    --hash=sha256:57278e6fa0424c42a8a3e454828ab4f0aff27b40cddf9679579b98c6dce6a376 \
    --hash=sha256:6b2a32f18d97e16e90827d7a819ffa8dbd8cc245fc4e1fa9d1095b54ef4bd999 \
    --hash=sha256:9518c406d7b310f05adb1a37f80acabac40504a575d7c0da6d3e365c695ac20d \
    --hash=sha256:a1b4c8e7a489a0d750d91894e9a8cdc295838f1924c0ca903ae993456fddec07 \
    --hash=sha256:bbb8caadb2b742d293169d2b458b5c001ef70e3158704aa3d3ef9597624c5d1d \
    --hash=sha256:ed377e64805bdba4943c82717333f8f8603a13b09aff9cead2717c6c817fb168
    # via uvicorn
httpx==0.28.1 \
    --hash=sha256:75e98c5f16b0f35b567856f597f06ff2270a374470a5c2392242528e3e3e42fc \
    --hash=sha256:d909fcccc110f8c7faf814ca82a9a4d816bc5a6dbfea25d6591d6985b8ba59ad
    # via
    #   qdrant-client
    #   rag-chatbot-backend
hyperframe==6.1.0 \
    --hash=sha256:b03380493a519fce58ea5af42e4a42317bf9bd425596f7a0835ffce80f1a42e5 \
    --hash=sha256:f630908a00854a7adeabd6382b43923a4c4cd4b821fcb527e6ab9e15382a3b08
    # via h2
idna==3.18 \
    --hash=sha256:7f952cbe720b688055e3f87de14f5c3e5fdaa8bc3928985c4077ca689de849a2 \
    --hash=sha256:ffb385a7e039654cef1ab9ef32c6fafe283c0c0467bba1d9029738ce4a14a848
    # via
    #   anyio
    #   email-validator
    #   httpx
iniconfig==2.3.0 \
    --hash=sha256:c76315c77db068650d49c5b56314774a7804df16fee4402c1f19d6d15d8c4730 \
    --hash=sha256:f631c04d2c48c52b84d0d0549c99ff3859c98df65b3101406327ecc7d53fbf12
    # via pytest
mako==1.3.12 \
    --hash=sha256:8f61569480282dbf557145ce441e4ba888be453c30989f879f0d652e39f53ea9 \
    --hash=sha256:9f778e93289bd410bb35daadeb4fc66d95a746f0b75777b942088b7fd7af550a
    # via alembic
markupsafe==3.0.3 \
    --hash=sha256:068f375c472b3e7acbe2d5318dea141359e6900156b5b2ba06a30b169086b91a \
    --hash=sha256:0bf2a864d67e76e5c9a34dc26ec616a66b9888e25e7b9460e1c76d3293bd9dbf \
    --hash=sha256:0db14f5dafddbb6d9208827849fad01f1a2609380add406671a26386cdf15a19 \
    --hash=sha256:1cc7ea17a6824959616c525620e387f6dd30fec8cb44f649e31712db02123dad \
    --hash=sha256:3b562dd9e9ea93f13d53989d23a7e775fdfd1066c33494ff43f5418bc8c58a5c \
    --hash=sha256:4bd4cd07944443f5a265608cc6aab442e4f74dff8088b0dfc8238647b8f6ae9a \
    --hash=sha256:6b5420a1d9450023228968e7e6a9ce57f65d148ab56d2313fcd589eee96a7a50 \
    --hash=sha256:722695808f4b6457b320fdc131280796bdceb04ab50fe1795cd540799ebe1698 \
    --hash=sha256:7be7b61bb172e1ed687f1754f8e7484f1c8019780f6f6b0786e76bb01c2ae115 \
    --hash=sha256:bc51efed119bc9cfdf792cdeaa4d67e8f6fcccab66ed4bfdd6bde3e59bfcbb2f \
    --hash=sha256:de8a88e63464af587c950061a5e6a67d3632e36df62b986892331d4620a35c01 \
    --hash=sha256:f9e130248f4462aaa8e2552d547f36ddadbeaa573879158d721bbd33dfe4743a
    # via mako
mypy==1.17.1 \
    --hash=sha256:064e2ff508e5464b4bd807a7c1625bc5047c5022b85c70f030680e18f37273a5 \
    --hash=sha256:25e01ec741ab5bb3eec8ba9cdb0f769230368a22c959c4937360efb89b7e9f01 \
    --hash=sha256:70401bbabd2fa1aa7c43bb358f54037baf0586f41e83b0ae67dd0534fc64edfd \
    --hash=sha256:a9f52c0351c21fe24c21d8c0eb1f62967b262d6729393397b6f443c3b773c3b9 \
    --hash=sha256:ad37544be07c5d7fba814eb370e006df58fed8ad1ef33ed1649cb1889ba6ff58 \
    --hash=sha256:c1fdf4abb29ed1cb091cf432979e162c208a5ac676ce35010373ff29247bcad5 \
    --hash=sha256:e92bdc656b7757c438660f775f872a669b8ff374edc4d18277d86b63edba6b8b \
    --hash=sha256:ff2933428516ab63f961644bc49bc4cbe42bbffb2cd3b71cc7277c07d16b1a8b
mypy-extensions==1.1.0 \
    --hash=sha256:1be4cccdb0f2482337c4743e60421de3a356cd97508abadd57d47403e94f5505 \
    --hash=sha256:52e68efc3284861e772bbcd66823fde5ae21fd2fdb51c62a211403730b916558
    # via mypy
numpy==2.4.6 \
    --hash=sha256:0280e0356c0829a18d9de1cb7eee50ec22ca639878d7240307ca0943d73cd2c4 \
    --hash=sha256:0ab0a9c4ffb1a6d95ef519fe4247dba8eb6b18ad93999f76b7f657039acabd47 \
    --hash=sha256:110f8b71aacb688ec69062bb7f6938a0f8acb01b7c1c4beb453c65b6d234584d \
    --hash=sha256:1e254a00cdf42b1e4d5b3d68d33af63268d41340d8885df2ab6470f2e1500147 \
    --hash=sha256:2803abfebfc990042cd494d8ce2d5f82e9d847af6d35ec486923aa19dbad5e73 \
    --hash=sha256:4cfe66903cc32a9921a6733d96b19bb6abf310397581bbad89c228f5abaf0ee8 \
    --hash=sha256:55cced7c52e981362f708ad635198e97a752dfba412cc03c23bbf3bd8d5cd662 \
    --hash=sha256:5dbbdb29840ca3d91ee0fece42fc29278886d908280bfec0a5846c6f901a3eb0 \
    --hash=sha256:68a5124b13fa6cc2086764a20005d30bc0548146f7f5322f02fce212ca14317f \
    --hash=sha256:8155154c7c691289fe18f510b5d4657c68c67989f293f0535a91360392ff6538 \
    --hash=sha256:89cd468399cfd2504718f0ba50e410dca55a170b61a02ad92bb18c8a65186e93 \
    --hash=sha256:8ad03c0965fb3c692200e74d458ca28c1dbb4ce96f9a479a8aa041ad5fabca02 \
    --hash=sha256:948424b06129ce883307e8cff868c31396d8dc7630a59c61d70d98dbe70f222c \
    --hash=sha256:c2d37ab77531417474168eb79d6d80b14f821a966818505d03013d0833edb7a8 \
    --hash=sha256:d6da64deb6b8ed903e7560180a92f2d804ee1ba5eeb849ac2748b8c1aba1f6d7 \
    --hash=sha256:ddea102b48f9e339f3948bf22040944184627a30fdf7f858667673b9c5f033c8 \
    --hash=sha256:ed9749eef4cbd126da3dc1d6bcb3a57f5eb7ac6a6484146bdbf743f552dfc577 \
    --hash=sha256:f3a3570c4a2a16746ac2c31a7c7c7b0c186b95ce902e33db6f28094ed7387dda \
    --hash=sha256:f407cb6b8e9d6d8c626bc73c945db1706035af8fd632295547bf1c9e46d092d6
    # via qdrant-client
orjson==3.11.3 \
    --hash=sha256:00f1a271e56d511d1569937c0447d7dce5a99a33ea0dec76673706360a051904 \
    --hash=sha256:1c0603b1d2ffcd43a411d64797a19556ef76958aef1c182f22dc30860152a98a \
    --hash=sha256:212e67806525d2561efbfe9e799633b17eb668b8964abed6b5319b2f1cfbae1f \
    --hash=sha256:2d68bf97a771836687107abfca089743885fb664b90138d8761cce61d5625d55 \
    --hash=sha256:6890ace0809627b0dff19cfad92d69d0fa3f089d3e359a2a532507bb6ba34efb \
    --hash=sha256:6be2f1b5d3dc99a5ce5ce162fc741c22ba9f3443d3dd586e6a1211b7bc87bc7b \
    --hash=sha256:6e8e0c3b85575a32f2ffa59de455f85ce002b8bdc0662d6b9c2ed6d80ab5d204 \
    --hash=sha256:9d2ae0cc6aeb669633e0124531f342a17d8e97ea999e42f12a5ad4adaa304c5f \
    --hash=sha256:b67e71e47caa6680d1b6f075a396d04fa6ca8ca09aafb428731da9b3ea32a5a6 \
    --hash=sha256:ba21dbb2493e9c653eaffdc38819b004b7b1b246fb77bfc93dc016fe664eac91 \
    --hash=sha256:bfc27516ec46f4520b18ef645864cee168d2a027dbf32c5537cb1f3e3c22dac1 \
    --hash=sha256:d7d012ebddffcce8c85734a6d9e5f08180cd3857c5f5a3ac70185b43775d043d \
    --hash=sha256:dd759f75d6b8d1b62012b7f5ef9461d03c804f94d539a5515b454ba3a6588038 \
    --hash=sha256:f66b001332a017d7945e177e282a40b6997056394e3ed7ddb41fb1813b83e824 \
    --hash=sha256:f9d4a5e041ae435b815e568537755773d05dac031fee6a57b4ba70897a44d9d2 \
    --hash=sha256:fafb1a99d740523d964b15c8db4eabbfc86ff29f84898262bf6e3e4c9e97e43e
    # via rag-chatbot-backend
packaging==26.2 \
    --hash=sha256:5fc45236b9446107ff2415ce77c807cee2862cb6fac22b8a73826d0693b0980e \
    --hash=sha256:ff452ff5a3e828ce110190feff1178bb1f2ea2281fa2075aadb987c2fb221661
    # via pytest
pathspec==1.1.1 \
    --hash=sha256:17db5ecd524104a120e173814c90367a96a98d07c45b2e10c2f3919fff91bf5a \
    --hash=sha256:a00ce642f577bf7f473932318056212bc4f8bfdf53128c78bbd5af0b9b20b189
    # via mypy
pluggy==1.6.0 \
    --hash=sha256:7dcc130b76258d33b90f61b658791dede3486c3e6bfb003ee5c9bfb396dd22f3 \
    --hash=sha256:e920276dd6813095e9377c0bc5566d94c932c33b27a3e3945d8389c374dd4746
    # via pytest
portalocker==3.2.0 \
    --hash=sha256:1f3002956a54a8c3730586c5c77bf18fae4149e07eaf1c29fc3faf4d5a3f89ac \
    --hash=sha256:3cdc5f565312224bc570c49337bd21428bba0ef363bbcf58b9ef4a9f11779968
    # via qdrant-client
prometheus-client==0.22.1 \
    --hash=sha256:190f1331e783cf21eb60bca559354e0a4d4378facecf78f5428c39b675d20d28 \
    --hash=sha256:cca895342e308174341b2cbf99a56bef291fbc0ef7b9e5412a0f26d653ba7094
    # via rag-chatbot-backend
protobuf==7.35.1 \
    --hash=sha256:11d6b0ec246892d85215b0a13ca6e0233cf5284b68f0ac02646427f4ff88a799 \
    --hash=sha256:230a75ddfc2de4806e56696ce9640c1cdfdb6543b7cfce98d42a4c0a0e7bdb87 \
    --hash=sha256:24f857477359a85c0c235261b8ba905fd51b2562f4a64ca1df5473f29850cbf6 \
    --hash=sha256:353652e4efd0bca5b5fc2656abf8307ef351f0cf938c9eba09f0e09c20a25c30 \
    --hash=sha256:4bc97768d8fe4ad6743c8a19403e314511ed9f6d13205b687e52421c023ac1b9 \
    --hash=sha256:74758715c53d7158fb76caf4f0cfdacc5329a4b1bb994f865d6cf302d413a1c4 \
    --hash=sha256:b73f9489a4b8b1c9cb1f8ed951c736392592edb24b9d6819f36d2e10b171d5b4 \
    --hash=sha256:ce115a26fe0c39a2c29973d914d327e516a6455464489fe3cd1e51a1b354f81a
    # via qdrant-client
pycparser==3.0 ; implementation_name != 'PyPy' \
    --hash=sha256:600f49d217304a5902ac3c37e1281c9fe94e4d0489de643a9504c5cdfdfc6b29 \
    --hash=sha256:b727414169a36b7d524c1c3e31839a521725078d7b2ff038656844266160a992
    # via cffi
pydantic==2.11.7 \
    --hash=sha256:d989c3c6cb79469287b1569f7447a17848c998458d49ebe294e975b9baf0f0db \
    --hash=sha256:dde5df002701f6de26248661f6835bbe296a47bf73990135c7d07ce741b9623b
    # via
    #   fastapi
    #   pydantic-settings
    #   qdrant-client
    #   rag-chatbot-backend
pydantic-core==2.33.2 \
    --hash=sha256:1e063337ef9e9820c77acc768546325ebe04ee38b08703244c1309cccc4f1bab \
    --hash=sha256:235f45e5dbcccf6bd99f9f472858849f73d11120d76ea8707115415f8e5ebebf \
    --hash=sha256:2bfb5112df54209d820d7bf9317c7a6c9025ea52e49f46b6a2060104bba37de7 \
    --hash=sha256:2f82865531efd18d6e07a04a17331af02cb7a651583c418df8266f17a63c6612 \
    --hash=sha256:329467cecfb529c925cf2bbd4d60d2c509bc2fb52a20c1045bf09bb70971a9c1 \
    --hash=sha256:3dc625f4aa79713512d1976fe9f0bc99f706a9dee21dfd1810b4bbbf228d0e8a \
    --hash=sha256:4c5b0a576fb381edd6d27f0a85915c6daf2f8138dc5c267a57c08a62900758c7 \
    --hash=sha256:6368900c2d3ef09b69cb0b913f9f8263b03786e5b2a387706c5afb66800efd51 \
    --hash=sha256:64632ff9d614e5eecfb495796ad51b0ed98c453e447a76bcbeeb69615079fc7e \
    --hash=sha256:6b99022f1d19bc32a4c2a0d544fc9a76e3be90f0b3f4af413f87d38749300e65 \
    --hash=sha256:73cf6373c21bc80b2e0dc88444f41ae60b2f070ed02095754eb5a01df12256de \
    --hash=sha256:7cb8bc3605c29176e1b105350d2e6474142d7c1bd1d9327c4a9bdb46bf827acc \
    --hash=sha256:82f68293f055f51b51ea42fafc74b6aad03e70e191799430b90c13d643059ebb \
    --hash=sha256:881b21b5549499972441da4758d662aeea93f1923f953e9cbaff14b8b9565aef \
    --hash=sha256:a144d4f717285c6d9234a66778059f33a89096dfb9b39117663fd8413d582dcc \
    --hash=sha256:bc7aee6f634a6f4a95676fcb5d6559a2c2a390330098dba5e5a5f28a2e4ada30 \
    --hash=sha256:bdc25f3681f7b78572699569514036afe3c243bc3059d3942624e936ec93450e \
    --hash=sha256:d87c561733f66531dced0da6e864f44ebf89a8fba55f31407b00c2f7f9449593 \
    --hash=sha256:dc46a01bf8d62f227d5ecee74178ffc448ff4e5197c756331f71efcc66dc980f \
    --hash=sha256:dd14041875d09cc0f9308e37a6f8b65f5585cf2598a53aa0123df8b129d481f8 \
    --hash=sha256:de4b83bb311557e439b9e186f733f6c645b9417c84e2eb8203f3f820a4b988bf \
    --hash=sha256:e799c050df38a639db758c617ec771fd8fb7a5f8eaaa4b27b101f266b216a246 \
    --hash=sha256:f889f7a40498cc077332c7ab6b4608d296d852182211787d4f3ee377aaae66e8 \
    --hash=sha256:fe5b32187cbc0c862ee201ad66c30cf218e5ed468ec8dc1cf49dec66e160cc4d
    # via pydantic
pydantic-settings==2.10.1 \
    --hash=sha256:06f0062169818d0f5524420a360d632d5857b83cffd4d42fe29597807a1614ee \
    --hash=sha256:a60952460b99cf661dc25c29c0ef171721f98bfcb52ef8d9ea4c943d7c8cc796
    # via rag-chatbot-backend
pygments==2.20.0 \
    --hash=sha256:6757cd03768053ff99f3039c1a36d6c0aa0b263438fcab17520b30a303a82b5f \
    --hash=sha256:81a9e26dd42fd28a23a2d169d86d7ac03b46e2f8b59ed4698fb4785f946d0176
    # via pytest
pyjwt==2.10.1 \
    --hash=sha256:3cc5772eb20009233caf06e9d8a0577824723b44e6648ee0a2aedb6cf9381953 \
    --hash=sha256:dcdd193e30abefd5debf142f9adfcdd2b58004e644f25406ffaebd50bd98dacb
    # via rag-chatbot-backend
pytest==8.4.1 \
    --hash=sha256:539c70ba6fcead8e78eebbf1115e8b589e7565830d7d006a8723f19ac8a0afb7 \
    --hash=sha256:7c67fd69174877359ed9371ec3af8a3d2b04741818c51e5e99cc1742251fa93c
    # via pytest-asyncio
pytest-asyncio==1.1.0 \
    --hash=sha256:5fe2d69607b0bd75c656d1211f969cadba035030156745ee09e7d71740e58ecf \
    --hash=sha256:796aa822981e01b68c12e4827b8697108f7205020f24b5793b3c41555dab68ea
python-dotenv==1.2.2 \
    --hash=sha256:1d8214789a24de455a8b8bd8ae6fe3c6b69a5e3d64aa8a8e5d68e694bbcb285a \
    --hash=sha256:2c371a91fbd7ba082c2c1dc1f8bf89ca22564a087c2c287cd9b662adde799cf3
    # via
    #   pydantic-settings
    #   uvicorn
python-multipart==0.0.20 \
    --hash=sha256:8a62d3a8335e06589fe01f2a3e178cdcc632f3fbe0d492ad9ee0ec35aab1f104 \
    --hash=sha256:8dd0cab45b8e23064ae09147625994d090fa46f5b0d1e13af944c331a7fa9d13
    # via rag-chatbot-backend
pywin32==312 ; sys_platform == 'win32' \
    --hash=sha256:17948aeadbdb091f0ced6ef0841620794e68327b94ee415571c1203594b7215c \
    --hash=sha256:b2200a054ca6d6625c4842fc56a4976a4b47f96b73dbe5538c3f813a80359f47 \
    --hash=sha256:d11417d84412f859b722fad0841b3614459ed0047f7542d8362e77884f6b6e8a
    # via portalocker
pyyaml==6.0.3 \
    --hash=sha256:10892704fc220243f5305762e276552a0395f7beb4dbf9b14ec8fd43b57f126c \
    --hash=sha256:1d37d57ad971609cf3c53ba6a7e365e40660e3be0e5175fa9f2365a379d6095a \
    --hash=sha256:37503bfbfc9d2c40b344d06b2199cf0e96e97957ab1c1b546fd4f87e53e5d3e4 \
    --hash=sha256:44edc647873928551a01e7a563d7452ccdebee747728c1080d881d68af7b997e \
    --hash=sha256:652cb6edd41e718550aad172851962662ff2681490a8a711af6a4d288dd96824 \
    --hash=sha256:8098f252adfa6c80ab48096053f512f2321f0b998f98150cea9bd23d83e1467b \
    --hash=sha256:850774a7879607d3a6f50d36d04f00ee69e7fc816450e5f7e58d7f17f1ae5c00 \
    --hash=sha256:9f3bfb4965eb874431221a3ff3fdcddc7e74e3b07799e0e84ca4a0f867d449bf \
    --hash=sha256:b8bb0864c5a28024fac8a632c443c87c5aa6f215c0b126c449ae1a150412f31d \
    --hash=sha256:d76623373421df22fb4cf8817020cbb7ef15c725b9d5e45f17e189bfc384190f
    # via uvicorn
qdrant-client==1.15.1 \
    --hash=sha256:2b975099b378382f6ca1cfb43f0d59e541be6e16a5892f282a4b8de7eff5cb63 \
    --hash=sha256:631f1f3caebfad0fd0c1fba98f41be81d9962b7bf3ca653bed3b727c0e0cbe0e
    # via rag-chatbot-backend
redis==5.2.1 \
    --hash=sha256:16f2e22dff21d5125e8481515e386711a34cbec50f0e44413dd7d9c060a54e0f \
    --hash=sha256:ee7e1056b9aea0f04c6c2ed59452947f34c4940ee025f5dd83e6a6418b6989e4
    # via
    #   arq
    #   rag-chatbot-backend
ruff==0.12.10 \
    --hash=sha256:059e863ea3a9ade41407ad71c1de2badfbe01539117f38f763ba42a1206f7559 \
    --hash=sha256:141ce3d88803c625257b8a6debf4a0473eb6eed9643a6189b68838b43e78165a \
    --hash=sha256:189ab65149d11ea69a2d775343adf5f49bb2426fc4780f65ee33b423ad2e47f9 \
    --hash=sha256:1bef6161e297c68908b7218fa6e0e93e99a286e5ed9653d4be71e687dff101cf \
    --hash=sha256:1f68433c4fbc63efbfa3ba5db31727db229fa4e61000f452c540474b03de52a9 \
    --hash=sha256:2c6f4064c69d2542029b2a61d39920c85240c39837599d7f2e32e80d36401d6e \
    --hash=sha256:37b4a64f4062a50c75019c61c7017ff598cb444984b638511f48539d3a1c98db \
    --hash=sha256:4f1345fbf8fb0531cd722285b5f15af49b2932742fc96b633e883da8d841896b \
    --hash=sha256:7837eca8787f076f67aba2ca559cefd9c5cbc3a9852fd66186f4201b87c1563e \
    --hash=sha256:7d1a4e0bdfafcd2e3e235ecf50bf0176f74dd37902f241588ae1f6c827a36c56 \
    --hash=sha256:822d9677b560f1fdeab69b89d1f444bf5459da4aa04e06e766cf0121771ab844 \
    --hash=sha256:8b593cb0fb55cc8692dac7b06deb29afda78c721c7ccfed22db941201b7b8f7b \
    --hash=sha256:9de785e95dc2f09846c5e6e1d3a3d32ecd0b283a979898ad427a9be7be22b266 \
    --hash=sha256:ae479e1a18b439c59138f066ae79cc0f3ee250712a873d00dbafadaad9481e5b \
    --hash=sha256:cc138cc06ed9d4bfa9d667a65af7172b47840e1a98b02ce7011c391e54635ffc \
    --hash=sha256:d59e58586829f8e4a9920788f6efba97a13d1fa320b047814e8afede381c6839 \
    --hash=sha256:e67d96827854f50b9e3e8327b031647e7bcc090dbe7bb11101a81a3a2cbf1cc9 \
    --hash=sha256:ebb7333a45d56efc7c110a46a69a1b32365d5c5161e7244aaf3aa20ce62399c1 \
    --hash=sha256:f3fc21178cd44c98142ae7590f42ddcb587b8e09a3b849cbc84edb62ee95de60
sniffio==1.3.1 \
    --hash=sha256:2f6da418d1f1e0fddd844478f41680e794e6051915791a034ff65e5f100525a2 \
    --hash=sha256:f4324edc670a0f49750a81b895f35c3adb843cca46f0530f79fc1babb23789dc
    # via anyio
sqlalchemy==2.0.43 \
    --hash=sha256:1681c21dd2ccee222c2fe0bef671d1aef7c504087c9c4e800371cfcc8ac966fc \
    --hash=sha256:4d3d9b904ad4a6b175a2de0738248822f5ac410f52c2fd389ada0b5262d6a1e3 \
    --hash=sha256:4fb1a8c5438e0c5ea51afe9c6564f951525795cf432bed0c028c1cb081276685 \
    --hash=sha256:52d9b73b8fb3e9da34c2b31e6d99d60f5f99fd8c1225c9dad24aeb74a91e1d29 \
    --hash=sha256:5cda6b51faff2639296e276591808c1726c4a77929cfaa0f514f30a5f6156921 \
    --hash=sha256:788bfcef6787a7764169cfe9859fe425bf44559619e1d9f56f5bddf2ebf6f417 \
    --hash=sha256:c5d1730b25d9a07727d20ad74bc1039bbbb0a6ca24e6769861c1aa5bf2c4c4a8 \
    --hash=sha256:db691fa174e8f7036afefe3061bc40ac2b770718be2862bfb03aabae09051aca \
    --hash=sha256:f42f23e152e4545157fa367b2435a1ace7571cab016ca26038867eb7df2c3631 \
    --hash=sha256:fe2b3b4927d0bc03d02ad883f402d5de201dbc8894ac87d2e981e7d87430e60d
    # via
    #   alembic
    #   rag-chatbot-backend
starlette==0.47.3 \
    --hash=sha256:6bc94f839cc176c4858894f1f8908f0ab79dfec1a6b8402f6da9be26ebea52e9 \
    --hash=sha256:89c0778ca62a76b826101e7c709e70680a1699ca7da6b44d38eb0a7e61fe4b51
    # via fastapi
structlog==25.4.0 \
    --hash=sha256:186cd1b0a8ae762e29417095664adf1d6a31702160a46dacb7796ea82f7409e4 \
    --hash=sha256:fe809ff5c27e557d14e613f45ca441aabda051d119ee5a0102aaba6ce40eed2c
    # via rag-chatbot-backend
typing-extensions==4.16.0 \
    --hash=sha256:481caa481374e813c1b176ada14e97f1f67a4539ce9cfeb3f350d78d6370c2e8 \
    --hash=sha256:dc983d19a509c94dba722ee6abd33940f7c05a89e243c47e907eb4db6f1a43e5
    # via
    #   alembic
    #   anyio
    #   fastapi
    #   grpcio
    #   mypy
    #   pydantic
    #   pydantic-core
    #   sqlalchemy
    #   starlette
    #   typing-inspection
typing-inspection==0.4.2 \
    --hash=sha256:4ed1cacbdc298c220f1bd249ed5287caa16f34d44ef4e9c3d0cbad5b521545e7 \
    --hash=sha256:ba561c48a67c5958007083d386c3295464928b01faa735ab8547c5692e87f464
    # via
    #   pydantic
    #   pydantic-settings
urllib3==2.7.0 \
    --hash=sha256:231e0ec3b63ceb14667c67be60f2f2c40a518cb38b03af60abc813da26505f4c \
    --hash=sha256:9fb4c81ebbb1ce9531cce37674bbc6f1360472bc18ca9a553ede278ef7276897
    # via qdrant-client
uvicorn==0.35.0 \
    --hash=sha256:197535216b25ff9b785e29a0b79199f55222193d47f820816e7da751e9bc8d4a \
    --hash=sha256:bc662f087f7cf2ce11a1d7fd70b90c9f98ef2e2831556dd078d131b96cc94a01
    # via rag-chatbot-backend
uvloop==0.22.1 ; platform_python_implementation != 'PyPy' and sys_platform != 'cygwin' and sys_platform != 'win32' \
    --hash=sha256:3b7f102bf3cb1995cfeaee9321105e8f5da76fdb104cdad8986f85461a1b7b77 \
    --hash=sha256:40631b049d5972c6755b06d0bfe8233b1bd9a8a6392d9d1c45c10b6f9e9b2733 \
    --hash=sha256:535cc37b3a04f6cd2c1ef65fa1d370c9a35b6695df735fcff5427323f2cd5473 \
    --hash=sha256:53c85520781d84a4b8b230e24a5af5b0778efdb39142b424990ff1ef7c48ba21 \
    --hash=sha256:56a2d1fae65fd82197cb8c53c367310b3eabe1bbb9fb5a04d28e3e3520e4f702 \
    --hash=sha256:6c84bae345b9147082b17371e3dd5d42775bddce91f885499017f4607fdaf39f \
    --hash=sha256:c60ebcd36f7b240b30788554b6f0782454826a0ed765d8430652621b5de674b9
    # via uvicorn
watchfiles==1.2.0 \
    --hash=sha256:094b9b70103d4e963499bdea001ee3c2697b144cd9ae6218a62c0f89ec9e31db \
    --hash=sha256:0d191c054d0715c3c95c99df9b8dbf6fd096d8c1e021e8f212e1bd8bc444ccb5 \
    --hash=sha256:4674d49eb94706dfe666c069fc0a1b646ffcf920473492e209f6d5f60d3f0cc2 \
    --hash=sha256:53b2290c92e0506d102cd448fbc610d87079553f86caa39d67440856a8b8bba5 \
    --hash=sha256:57a2d9fa4fb4c2ecae57b13dfff2c7ab53e21a2ba674fe9f05506680fcdcc0d7 \
    --hash=sha256:6543cf55d170003296d185c0af981f3e1311564907e1f4e08671fc7693a890a5 \
    --hash=sha256:704fd259e332e01f9b9c178f4bce9e49027e5587cc2600eeeaf8e76e1c846201 \
    --hash=sha256:772b80df316480d894a0e3165fdd19cf77f5d17f9a787f94029465ad0e3529d1 \
    --hash=sha256:89d8c2394a065ca86f5d2910ff263ae67c127e1376ccc4f9fc35c71db879f80a \
    --hash=sha256:9342472aff9b093c5acd4f6d8f70ae0937964ab56542502bcf5579782da69ae8 \
    --hash=sha256:a711b51aec4370d0dcda5b6c09463206f133a5759341d7744b953a7b62e1100e \
    --hash=sha256:a88fc94e647bc4eec523f1caa540258eb71d14278b9daf72fa1e2658a98df0f0 \
    --hash=sha256:b0ef001f8c25ad0fa9529f914c1600647ecd0f542d11c19b7894768c67b6acb7 \
    --hash=sha256:c995fba777f1ea992f090f9236e9284cf7a5d1a0130dd5a3d82c598cacd76838 \
    --hash=sha256:d158cd89df6053823533e06fb1d73c549133bff5f0396170c0e53d9559340717 \
    --hash=sha256:d516b3283a758e087841aedb8031549fb41ced08f3db10aa6d2bf32dc042525b \
    --hash=sha256:dbd6c97045dad81227c8d040173da044c1de08de64a5ea8b555da4aee1d5fa22 \
    --hash=sha256:e0618518f282c4ebff60f5e5b1247b6d91bb8b9f4476947563a1e74acc66f3c6 \
    --hash=sha256:e2ca07fa7d89195ec0865d3d285666286740bfa83d83e5cee204043a31ecc165
    # via uvicorn
websockets==16.1.1 \
    --hash=sha256:04fd29a0e2fe9414a95b00e92c67ae51bf900c50c0f8a4b2dafdad621f49ea1d \
    --hash=sha256:125f22dbefaf1554fea66fc83851490edb284ce4f501d37ffed2752f418332d9 \
    --hash=sha256:1427fb4cf0d72f66333e2cacc3ff5f575bf2d7008166ce991a4a470b21d51a22 \
    --hash=sha256:29dfa8114c4a620c69591c5973860f768eac29d3fd6904f37f34266cb219c512 \
    --hash=sha256:2e28e602bb13da44fbe518c1781a88e3b9d4c3d48d02c9bad83e546164336f57 \
    --hash=sha256:30bbe120437b5648a77d3519b7024ea09530e0b5b18d3698c5a0ae536fe0cc2e \
    --hash=sha256:34420aaa64440ebd51ac72ca8a45ef4626429438c9b02e633ae412ed43f925d3 \
    --hash=sha256:56cd5fc4f10a9ea8aa0804bddb7b42506cf9e136046f3b4c27de8fec9e2ecba5 \
    --hash=sha256:5c31aa7e39ee3e8a358573257f1c0bb5c52430d1b637030dd9c8cc2c282926be \
    --hash=sha256:6abbd3e82c731c8e531714466acd5d87b5e88ac3243465337ba71d68e23ae7e3 \
    --hash=sha256:6ff9417c0ada4d0f7d212f928303e5579bdf3ace4c802fa4afabb30995da58c3 \
    --hash=sha256:7421fad442de870a8cbf2287d1cad7e706ece0dbfeba5e911df132cbdc1cb56a \
    --hash=sha256:7dfcad78ea1492ee3a9ec765cb7f51bbc17d477107aaf6b22abf7b2558d1c5a0 \
    --hash=sha256:820fb8450edddae3812fd58cbc08e2bf22812cb248ecb5f06dbb82119a56e869 \
    --hash=sha256:86d7f0f8bdb25d2c632b72527325e4776430fd5bc61b9118de4e2b8ddb5f5b01 \
    --hash=sha256:8fe0b50da2d84535fb4f7b4bfa951280f97ce3d558a0443b541166d609e67b57 \
    --hash=sha256:a6a61aff018180c9c50b7b0da33bfd29d378af3497429c95006c589a23a11648 \
    --hash=sha256:b6b9dadbef0cccd9f4c4ee96b08898afa73e26803bbe0f6aeb5bb12b0074206d \
    --hash=sha256:b852788aa51764e2d8e4cf5493d559326bcae5e38d16ba25ffa322b034df272a \
    --hash=sha256:d0fcf657e9f13ff4b177960ab2200237b12994232dfb6df16f1cfe1d4339f93c \
    --hash=sha256:d14bfb217eb4701e850f1525c9d29d79c44794cdf1c299ead25f39f8c78dea81 \
    --hash=sha256:da4ca1a9d72f9030b3146b8d7022719a9f3d478f61efe6f7dd51d243f61c51b2 \
    --hash=sha256:db234eda965dcce15df96bb9709f587cd87d4d52aaf0e80e2f34ec04c7670c57 \
    --hash=sha256:fb9a0a6dc3d1b3986cb88091b6899f0396651e0f74e2c9766ab8d6ffc3842e29
    # via uvicorn
